
Microsoft Visual Studio Solution File, Format Version 12.00
# Visual Studio 15
VisualStudioVersion = 15.0.28307.852
MinimumVisualStudioVersion = 10.0.40219.1
Project("{FAE04EC0-301F-11D3-BF4B-00C04F79EFBC}") = "DotNetForever.Web", "DotNetForever.Web\DotNetForever.Web.csproj", "{19EB74FD-C873-4355-B0D8-F16BEA632C0F}"
EndProject
Project("{FAE04EC0-301F-11D3-BF4B-00C04F79EFBC}") = "DotNetForever.Manager", "DotNetForever.Manager\DotNetForever.Manager.csproj", "{FDC794CF-C1B5-4A6B-9E71-283BCAD01D43}"
EndProject
Project("{FAE04EC0-301F-11D3-BF4B-00C04F79EFBC}") = "DotNetForever.Model", "DotNetForever.Model\DotNetForever.Model.csproj", "{9C2830E3-28A1-4C03-ABAF-74A1972D205F}"
EndProject
Project("{FAE04EC0-301F-11D3-BF4B-00C04F79EFBC}") = "DotNetForever.Repository", "DotNetForever.Repository\DotNetForever.Repository.csproj", "{F5BD2106-CD6F-4C9C-A5B0-54C0DA18C8B3}"
EndProject
Project("{FAE04EC0-301F-11D3-BF4B-00C04F79EFBC}") = "DotNetForever.DatabaseContext", "DotNetForever.DatabaseContext\DotNetForever.DatabaseContext.csproj", "{69FEA93A-42CA-456D-955C-EC24531FDB77}"
EndProject
Global
	GlobalSection(SolutionConfigurationPlatforms) = preSolution
		Debug|Any CPU = Debug|Any CPU
		Release|Any CPU = Release|Any CPU
	EndGlobalSection
	GlobalSection(ProjectConfigurationPlatforms) = postSolution
		{19EB74FD-C873-4355-B0D8-F16BEA632C0F}.Debug|Any CPU.ActiveCfg = Debug|Any CPU
		{19EB74FD-C873-4355-B0D8-F16BEA632C0F}.Debug|Any CPU.Build.0 = Debug|Any CPU
		{19EB74FD-C873-4355-B0D8-F16BEA632C0F}.Release|Any CPU.ActiveCfg = Release|Any CPU
		{19EB74FD-C873-4355-B0D8-F16BEA632C0F}.Release|Any CPU.Build.0 = Release|Any CPU
		{FDC794CF-C1B5-4A6B-9E71-283BCAD01D43}.Debug|Any CPU.ActiveCfg = Debug|Any CPU
		{FDC794CF-C1B5-4A6B-9E71-283BCAD01D43}.Debug|Any CPU.Build.0 = Debug|Any CPU
		{FDC794CF-C1B5-4A6B-9E71-283BCAD01D43}.Release|Any CPU.ActiveCfg = Release|Any CPU
		{FDC794CF-C1B5-4A6B-9E71-283BCAD01D43}.Release|Any CPU.Build.0 = Release|Any CPU
		{9C2830E3-28A1-4C03-ABAF-74A1972D205F}.Debug|Any CPU.ActiveCfg = Debug|Any CPU
		{9C2830E3-28A1-4C03-ABAF-74A1972D205F}.Debug|Any CPU.Build.0 = Debug|Any CPU
		{9C2830E3-28A1-4C03-ABAF-74A1972D205F}.Release|Any CPU.ActiveCfg = Release|Any CPU
		{9C2830E3-28A1-4C03-ABAF-74A1972D205F}.Release|Any CPU.Build.0 = Release|Any CPU
		{F5BD2106-CD6F-4C9C-A5B0-54C0DA18C8B3}.Debug|Any CPU.ActiveCfg = Debug|Any CPU
		{F5BD2106-CD6F-4C9C-A5B0-54C0DA18C8B3}.Debug|Any CPU.Build.0 = Debug|Any CPU
		{F5BD2106-CD6F-4C9C-A5B0-54C0DA18C8B3}.Release|Any CPU.ActiveCfg = Release|Any CPU
		{F5BD2106-CD6F-4C9C-A5B0-54C0DA18C8B3}.Release|Any CPU.Build.0 = Release|Any CPU
		{69FEA93A-42CA-456D-955C-EC24531FDB77}.Debug|Any CPU.ActiveCfg = Debug|Any CPU
		{69FEA93A-42CA-456D-955C-EC24531FDB77}.Debug|Any CPU.Build.0 = Debug|Any CPU
		{69FEA93A-42CA-456D-955C-EC24531FDB77}.Release|Any CPU.ActiveCfg = Release|Any CPU
		{69FEA93A-42CA-456D-955C-EC24531FDB77}.Release|Any CPU.Build.0 = Release|Any CPU
	EndGlobalSection
	GlobalSection(SolutionProperties) = preSolution
		HideSolutionNode = FALSE
	EndGlobalSection
	GlobalSection(ExtensibilityGlobals) = postSolution
		SolutionGuid = {61B2E9C4-8777-4CFD-B02D-227D9E0BAFF6}
	EndGlobalSection
EndGlobal
